{
  "originHash" : "6096a048b55be73ca79bccc80db2147af7f2cbe5ee9c50c26228748072949fab",
  "pins" : [
    {
      "identity" : "runestone",
      "kind" : "remoteSourceControl",
      "location" : "https://github.com/simonbs/Runestone.git",
      "state" : {
        "revision" : "1fad339aab99cf2136ce6bf8c32da3265b2e85e5",
        "version" : "0.5.1"
      }
    },
    {
      "identity" : "swift-argument-parser",
      "kind" : "remoteSourceControl",
      "location" : "https://github.com/apple/swift-argument-parser.git",
      "state" : {
        "revision" : "cdd0ef3755280949551dc26dee5de9ddeda89f54",
        "version" : "1.6.2"
      }
    },
    {
      "identity" : "swiftterm",
      "kind" : "remoteSourceControl",
      "location" : "https://github.com/migueldeicaza/SwiftTerm",
      "state" : {
        "revision" : "0b8d99bd19b694df44e1ccaa3891309719d34330",
        "version" : "1.5.1"
      }
    },
    {
      "identity" : "tree-sitter",
      "kind" : "remoteSourceControl",
      "location" : "https://github.com/tree-sitter/tree-sitter",
      "state" : {
        "revision" : "98be227227af10cc7a269cb3ffb23686c0610b17",
        "version" : "0.20.9"
      }
    },
    {
      "identity" : "tree-sitter-c",
      "kind" : "remoteSourceControl",
      "location" : "https://github.com/tree-sitter/tree-sitter-c.git",
      "state" : {
        "revision" : "2a265d69a4caf57108a73ad2ed1e6922dd2f998c",
        "version" : "0.23.5"
      }
    },
    {
      "identity" : "tree-sitter-objc",
      "kind" : "remoteSourceControl",
      "location" : "https://github.com/tree-sitter-grammars/tree-sitter-objc.git",
      "state" : {
        "branch" : "master",
        "revision" : "181a81b8f23a2d593e7ab4259981f50122909fda"
      }
    },
    {
      "identity" : "tree-sitter-xml",
      "kind" : "remoteSourceControl",
      "location" : "https://github.com/tree-sitter-grammars/tree-sitter-xml.git",
      "state" : {
        "branch" : "master",
        "revision" : "0d9a8099c963ed53e183425c1b47fa2622c8eaf7"
      }
    }
  ],
  "version" : 3
}
